<?xml version="1.0" encoding="utf-8"?>
<Project ToolsVersion="4.0" xmlns="http://schemas.microsoft.com/developer/msbuild/2003">
  <ItemGroup>
    <Filter Include="Source Files">
      <UniqueIdentifier>{64981c5e-5d0c-4f80-a703-5875784153b5}</UniqueIdentifier>
      <Extensions>cpp;c;cxx;rc;def;r;odl;idl;hpj;bat</Extensions>
    </Filter>
    <Filter Include="Header Files">
      <UniqueIdentifier>{99114467-b025-485b-8a29-79742ddb27f2}</UniqueIdentifier>
      <Extensions>h;hpp;hxx;hm;inl</Extensions>
    </Filter>
    <Filter Include="Resource Files">
      <UniqueIdentifier>{fc0b4a68-b004-48fe-880a-b96a827c3fe4}</UniqueIdentifier>
      <Extensions>ico;cur;bmp;dlg;rc2;rct;bin;cnt;rtf;gif;jpg;jpeg;jpe</Extensions>
    </Filter>
  </ItemGroup>
  <ItemGroup>
    <ClCompile Include="AddSpher.cpp">
      <Filter>Source Files</Filter>
    </ClCompile>
    <ClCompile Include="Clothy.cpp">
      <Filter>Source Files</Filter>
    </ClCompile>
    <ClCompile Include="LoadOBJ.cpp">
      <Filter>Source Files</Filter>
    </ClCompile>
    <ClCompile Include="MainFrm.cpp">
      <Filter>Source Files</Filter>
    </ClCompile>
    <ClCompile Include="MathDefs.cpp">
      <Filter>Source Files</Filter>
    </ClCompile>
    <ClCompile Include="NewCloth.cpp">
      <Filter>Source Files</Filter>
    </ClCompile>
    <ClCompile Include="OGLView.cpp">
      <Filter>Source Files</Filter>
    </ClCompile>
    <ClCompile Include="PhysEnv.cpp">
      <Filter>Source Files</Filter>
    </ClCompile>
    <ClCompile Include="SetVert.cpp">
      <Filter>Source Files</Filter>
    </ClCompile>
    <ClCompile Include="SimProps.cpp">
      <Filter>Source Files</Filter>
    </ClCompile>
    <ClCompile Include="Skeleton.cpp">
      <Filter>Source Files</Filter>
    </ClCompile>
    <ClCompile Include="StdAfx.cpp">
      <Filter>Source Files</Filter>
    </ClCompile>
    <ClCompile Include="TimeProps.cpp">
      <Filter>Source Files</Filter>
    </ClCompile>
  </ItemGroup>
  <ItemGroup>
    <ResourceCompile Include="Clothy.rc">
      <Filter>Source Files</Filter>
    </ResourceCompile>
  </ItemGroup>
  <ItemGroup>
    <ClInclude Include="AddSpher.h">
      <Filter>Header Files</Filter>
    </ClInclude>
    <ClInclude Include="Clothy.h">
      <Filter>Header Files</Filter>
    </ClInclude>
    <ClInclude Include="LoadOBJ.h">
      <Filter>Header Files</Filter>
    </ClInclude>
    <ClInclude Include="MainFrm.h">
      <Filter>Header Files</Filter>
    </ClInclude>
    <ClInclude Include="MathDefs.h">
      <Filter>Header Files</Filter>
    </ClInclude>
    <ClInclude Include="NewCloth.h">
      <Filter>Header Files</Filter>
    </ClInclude>
    <ClInclude Include="OGLView.h">
      <Filter>Header Files</Filter>
    </ClInclude>
    <ClInclude Include="PhysEnv.h">
      <Filter>Header Files</Filter>
    </ClInclude>
    <ClInclude Include="Resource.h">
      <Filter>Header Files</Filter>
    </ClInclude>
    <ClInclude Include="SetVert.h">
      <Filter>Header Files</Filter>
    </ClInclude>
    <ClInclude Include="SimProps.h">
      <Filter>Header Files</Filter>
    </ClInclude>
    <ClInclude Include="Skeleton.h">
      <Filter>Header Files</Filter>
    </ClInclude>
    <ClInclude Include="StdAfx.h">
      <Filter>Header Files</Filter>
    </ClInclude>
    <ClInclude Include="TimeProps.h">
      <Filter>Header Files</Filter>
    </ClInclude>
  </ItemGroup>
  <ItemGroup>
    <Image Include="res\Clothy.ico">
      <Filter>Resource Files</Filter>
    </Image>
    <Image Include="Res\Squashy.ico">
      <Filter>Resource Files</Filter>
    </Image>
  </ItemGroup>
  <ItemGroup>
    <None Include="res\Clothy.rc2">
      <Filter>Resource Files</Filter>
    </None>
  </ItemGroup>
  <ItemGroup>
    <Text Include="ReadMe.txt" />
  </ItemGroup>
</Project>